
Microsoft Visual Studio Solution File, Format Version 12.00
# Visual Studio Version 17
VisualStudioVersion = 17.2.32505.173
MinimumVisualStudioVersion = 10.0.40219.1
Project("{9A19103F-16F7-4668-BE54-9A1E7A4F7556}") = "DevFreela.API", "DevFreela.API\DevFreela.API.csproj", "{50B0803E-D439-4846-8F32-755C92F5C958}"
EndProject
Project("{9A19103F-16F7-4668-BE54-9A1E7A4F7556}") = "DevFreela.Core", "DevFreela.Core\DevFreela.Core.csproj", "{FA1EB432-326B-428D-AB27-865614B19055}"
EndProject
Project("{9A19103F-16F7-4668-BE54-9A1E7A4F7556}") = "DevFreela.Infrastructure", "DevFreela.Infrastructure\DevFreela.Infrastructure.csproj", "{8BA39EE7-AE4F-4FDD-B2A0-D6E00B969B16}"
EndProject
Project("{9A19103F-16F7-4668-BE54-9A1E7A4F7556}") = "DevFreela.Application", "DevFreela.Application\DevFreela.Application.csproj", "{D6345CC8-F8AD-4BC0-B619-2DC7DBE624A2}"
EndProject
Project("{FAE04EC0-301F-11D3-BF4B-00C04F79EFBC}") = "DevFreela.UnitTests", "DevFreela.UnitTests\DevFreela.UnitTests.csproj", "{29A5EACE-A359-45EE-93C6-4CD51823A3B7}"
EndProject
Global
	GlobalSection(SolutionConfigurationPlatforms) = preSolution
		Debug|Any CPU = Debug|Any CPU
		Release|Any CPU = Release|Any CPU
	EndGlobalSection
	GlobalSection(ProjectConfigurationPlatforms) = postSolution
		{50B0803E-D439-4846-8F32-755C92F5C958}.Debug|Any CPU.ActiveCfg = Debug|Any CPU
		{50B0803E-D439-4846-8F32-755C92F5C958}.Debug|Any CPU.Build.0 = Debug|Any CPU
		{50B0803E-D439-4846-8F32-755C92F5C958}.Release|Any CPU.ActiveCfg = Release|Any CPU
		{50B0803E-D439-4846-8F32-755C92F5C958}.Release|Any CPU.Build.0 = Release|Any CPU
		{FA1EB432-326B-428D-AB27-865614B19055}.Debug|Any CPU.ActiveCfg = Debug|Any CPU
		{FA1EB432-326B-428D-AB27-865614B19055}.Debug|Any CPU.Build.0 = Debug|Any CPU
		{FA1EB432-326B-428D-AB27-865614B19055}.Release|Any CPU.ActiveCfg = Release|Any CPU
		{FA1EB432-326B-428D-AB27-865614B19055}.Release|Any CPU.Build.0 = Release|Any CPU
		{8BA39EE7-AE4F-4FDD-B2A0-D6E00B969B16}.Debug|Any CPU.ActiveCfg = Debug|Any CPU
		{8BA39EE7-AE4F-4FDD-B2A0-D6E00B969B16}.Debug|Any CPU.Build.0 = Debug|Any CPU
		{8BA39EE7-AE4F-4FDD-B2A0-D6E00B969B16}.Release|Any CPU.ActiveCfg = Release|Any CPU
		{8BA39EE7-AE4F-4FDD-B2A0-D6E00B969B16}.Release|Any CPU.Build.0 = Release|Any CPU
		{D6345CC8-F8AD-4BC0-B619-2DC7DBE624A2}.Debug|Any CPU.ActiveCfg = Debug|Any CPU
		{D6345CC8-F8AD-4BC0-B619-2DC7DBE624A2}.Debug|Any CPU.Build.0 = Debug|Any CPU
		{D6345CC8-F8AD-4BC0-B619-2DC7DBE624A2}.Release|Any CPU.ActiveCfg = Release|Any CPU
		{D6345CC8-F8AD-4BC0-B619-2DC7DBE624A2}.Release|Any CPU.Build.0 = Release|Any CPU
		{29A5EACE-A359-45EE-93C6-4CD51823A3B7}.Debug|Any CPU.ActiveCfg = Debug|Any CPU
		{29A5EACE-A359-45EE-93C6-4CD51823A3B7}.Debug|Any CPU.Build.0 = Debug|Any CPU
		{29A5EACE-A359-45EE-93C6-4CD51823A3B7}.Release|Any CPU.ActiveCfg = Release|Any CPU
		{29A5EACE-A359-45EE-93C6-4CD51823A3B7}.Release|Any CPU.Build.0 = Release|Any CPU
	EndGlobalSection
	GlobalSection(SolutionProperties) = preSolution
		HideSolutionNode = FALSE
	EndGlobalSection
	GlobalSection(ExtensibilityGlobals) = postSolution
		SolutionGuid = {B69C7BD2-09F6-49F7-83BB-70D4DB35AB84}
	EndGlobalSection
EndGlobal
